// !$*UTF8*$!
{
	archiveVersion = 1;
	classes = {
	};
	objectVersion = 46;
	objects = {

/* Begin PBXBuildFile section */
		DDDFE9BF199BD55800D084D9 /* AppDelegate.swift in Sources */ = {isa = PBXBuildFile; fileRef = DDDFE9BE199BD55800D084D9 /* AppDelegate.swift */; };
		DDDFE9C1199BD55800D084D9 /* ViewController.swift in Sources */ = {isa = PBXBuildFile; fileRef = DDDFE9C0199BD55800D084D9 /* ViewController.swift */; };
		DDDFE9C4199BD55800D084D9 /* Main.storyboard in Resources */ = {isa = PBXBuildFile; fileRef = DDDFE9C2199BD55800D084D9 /* Main.storyboard */; };
		DDDFE9E2199BD94900D084D9 /* MBFingerTipWindow.m in Sources */ = {isa = PBXBuildFile; fileRef = DDDFE9E1199BD94900D084D9 /* MBFingerTipWindow.m */; };
/* End PBXBuildFile section */

/* Begin PBXFileReference section */
		DDDFE9B9199BD55800D084D9 /* Swift Testing.app */ = {isa = PBXFileReference; explicitFileType = wrapper.application; includeInIndex = 0; path = "Swift Testing.app"; sourceTree = BUILT_PRODUCTS_DIR; };
		DDDFE9BD199BD55800D084D9 /* Info.plist */ = {isa = PBXFileReference; lastKnownFileType = text.plist.xml; path = Info.plist; sourceTree = "<group>"; };
		DDDFE9BE199BD55800D084D9 /* AppDelegate.swift */ = {isa = PBXFileReference; lastKnownFileType = sourcecode.swift; path = AppDelegate.swift; sourceTree = "<group>"; };
		DDDFE9C0199BD55800D084D9 /* ViewController.swift */ = {isa = PBXFileReference; lastKnownFileType = sourcecode.swift; path = ViewController.swift; sourceTree = "<group>"; };
		DDDFE9C3199BD55800D084D9 /* Base */ = {isa = PBXFileReference; lastKnownFileType = file.storyboard; name = Base; path = Base.lproj/Main.storyboard; sourceTree = "<group>"; };
		DDDFE9DF199BD94900D084D9 /* Swift Testing-Bridging-Header.h */ = {isa = PBXFileReference; lastKnownFileType = sourcecode.c.h; path = "Swift Testing-Bridging-Header.h"; sourceTree = SOURCE_ROOT; };
		DDDFE9E0199BD94900D084D9 /* MBFingerTipWindow.h */ = {isa = PBXFileReference; fileEncoding = 4; lastKnownFileType = sourcecode.c.h; name = MBFingerTipWindow.h; path = Fingertips/MBFingerTipWindow.h; sourceTree = "<group>"; };
		DDDFE9E1199BD94900D084D9 /* MBFingerTipWindow.m */ = {isa = PBXFileReference; fileEncoding = 4; lastKnownFileType = sourcecode.c.objc; name = MBFingerTipWindow.m; path = Fingertips/MBFingerTipWindow.m; sourceTree = "<group>"; };
/* End PBXFileReference section */

/* Begin PBXFrameworksBuildPhase section */
		DDDFE9B6199BD55800D084D9 /* Frameworks */ = {
			isa = PBXFrameworksBuildPhase;
			buildActionMask = 2147483647;
			files = (
			);
			runOnlyForDeploymentPostprocessing = 0;
		};
/* End PBXFrameworksBuildPhase section */

/* Begin PBXGroup section */
		DDDFE9B0199BD55800D084D9 = {
			isa = PBXGroup;
			children = (
				DDDFE9DB199BD8DD00D084D9 /* Fingertips */,
				DDDFE9BB199BD55800D084D9 /* Swift Testing */,
				DDDFE9BA199BD55800D084D9 /* Products */,
			);
			sourceTree = "<group>";
		};
		DDDFE9BA199BD55800D084D9 /* Products */ = {
			isa = PBXGroup;
			children = (
				DDDFE9B9199BD55800D084D9 /* Swift Testing.app */,
			);
			name = Products;
			sourceTree = "<group>";
		};
		DDDFE9BB199BD55800D084D9 /* Swift Testing */ = {
			isa = PBXGroup;
			children = (
				DDDFE9BE199BD55800D084D9 /* AppDelegate.swift */,
				DDDFE9C0199BD55800D084D9 /* ViewController.swift */,
				DDDFE9C2199BD55800D084D9 /* Main.storyboard */,
				DDDFE9BC199BD55800D084D9 /* Supporting Files */,
			);
			path = "Swift Testing";
			sourceTree = "<group>";
		};
		DDDFE9BC199BD55800D084D9 /* Supporting Files */ = {
			isa = PBXGroup;
			children = (
				DDDFE9BD199BD55800D084D9 /* Info.plist */,
				DDDFE9DF199BD94900D084D9 /* Swift Testing-Bridging-Header.h */,
			);
			name = "Supporting Files";
			sourceTree = "<group>";
		};
		DDDFE9DB199BD8DD00D084D9 /* Fingertips */ = {
			isa = PBXGroup;
			children = (
				DDDFE9E0199BD94900D084D9 /* MBFingerTipWindow.h */,
				DDDFE9E1199BD94900D084D9 /* MBFingerTipWindow.m */,
			);
			name = Fingertips;
			sourceTree = "<group>";
		};
/* End PBXGroup section */

/* Begin PBXNativeTarget section */
		DDDFE9B8199BD55800D084D9 /* Swift Testing */ = {
			isa = PBXNativeTarget;
			buildConfigurationList = DDDFE9D5199BD55800D084D9 /* Build configuration list for PBXNativeTarget "Swift Testing" */;
			buildPhases = (
				DDDFE9B5199BD55800D084D9 /* Sources */,
				DDDFE9B6199BD55800D084D9 /* Frameworks */,
				DDDFE9B7199BD55800D084D9 /* Resources */,
			);
			buildRules = (
			);
			dependencies = (
			);
			name = "Swift Testing";
			productName = "Swift Testing";
			productReference = DDDFE9B9199BD55800D084D9 /* Swift Testing.app */;
			productType = "com.apple.product-type.application";
		};
/* End PBXNativeTarget section */

/* Begin PBXProject section */
		DDDFE9B1199BD55800D084D9 /* Project object */ = {
			isa = PBXProject;
			attributes = {
				LastUpgradeCheck = 0600;
				ORGANIZATIONNAME = Mapbox;
				TargetAttributes = {
					DDDFE9B8199BD55800D084D9 = {
						CreatedOnToolsVersion = 6.0;
					};
				};
			};
			buildConfigurationList = DDDFE9B4199BD55800D084D9 /* Build configuration list for PBXProject "Swift Testing" */;
			compatibilityVersion = "Xcode 3.2";
			developmentRegion = English;
			hasScannedForEncodings = 0;
			knownRegions = (
				en,
				Base,
			);
			mainGroup = DDDFE9B0199BD55800D084D9;
			productRefGroup = DDDFE9BA199BD55800D084D9 /* Products */;
			projectDirPath = "";
			projectRoot = "";
			targets = (
				DDDFE9B8199BD55800D084D9 /* Swift Testing */,
			);
		};
/* End PBXProject section */

/* Begin PBXResourcesBuildPhase section */
		DDDFE9B7199BD55800D084D9 /* Resources */ = {
			isa = PBXResourcesBuildPhase;
			buildActionMask = 2147483647;
			files = (
				DDDFE9C4199BD55800D084D9 /* Main.storyboard in Resources */,
			);
			runOnlyForDeploymentPostprocessing = 0;
		};
/* End PBXResourcesBuildPhase section */

/* Begin PBXSourcesBuildPhase section */
		DDDFE9B5199BD55800D084D9 /* Sources */ = {
			isa = PBXSourcesBuildPhase;
			buildActionMask = 2147483647;
			files = (
				DDDFE9C1199BD55800D084D9 /* ViewController.swift in Sources */,
				DDDFE9BF199BD55800D084D9 /* AppDelegate.swift in Sources */,
				DDDFE9E2199BD94900D084D9 /* MBFingerTipWindow.m in Sources */,
			);
			runOnlyForDeploymentPostprocessing = 0;
		};
/* End PBXSourcesBuildPhase section */

/* Begin PBXVariantGroup section */
		DDDFE9C2199BD55800D084D9 /* Main.storyboard */ = {
			isa = PBXVariantGroup;
			children = (
				DDDFE9C3199BD55800D084D9 /* Base */,
			);
			name = Main.storyboard;
			sourceTree = "<group>";
		};
/* End PBXVariantGroup section */

/* Begin XCBuildConfiguration section */
		DDDFE9D3199BD55800D084D9 /* Debug */ = {
			isa = XCBuildConfiguration;
			buildSettings = {
				ALWAYS_SEARCH_USER_PATHS = NO;
				CLANG_CXX_LANGUAGE_STANDARD = "gnu++0x";
				CLANG_CXX_LIBRARY = "libc++";
				CLANG_ENABLE_MODULES = YES;
				CLANG_ENABLE_OBJC_ARC = YES;
				CLANG_WARN_BOOL_CONVERSION = YES;
				CLANG_WARN_CONSTANT_CONVERSION = YES;
				CLANG_WARN_DIRECT_OBJC_ISA_USAGE = YES_ERROR;
				CLANG_WARN_EMPTY_BODY = YES;
				CLANG_WARN_ENUM_CONVERSION = YES;
				CLANG_WARN_INT_CONVERSION = YES;
				CLANG_WARN_OBJC_ROOT_CLASS = YES_ERROR;
				CLANG_WARN_UNREACHABLE_CODE = YES;
				CLANG_WARN__DUPLICATE_METHOD_MATCH = YES;
				"CODE_SIGN_IDENTITY[sdk=iphoneos*]" = "iPhone Developer";
				COPY_PHASE_STRIP = NO;
				ENABLE_STRICT_OBJC_MSGSEND = YES;
				GCC_C_LANGUAGE_STANDARD = gnu99;
				GCC_DYNAMIC_NO_PIC = NO;
				GCC_OPTIMIZATION_LEVEL = 0;
				GCC_PREPROCESSOR_DEFINITIONS = (
					"DEBUG=1",
					"$(inherited)",
				);
				GCC_SYMBOLS_PRIVATE_EXTERN = NO;
				GCC_WARN_64_TO_32_BIT_CONVERSION = YES;
				GCC_WARN_ABOUT_RETURN_TYPE = YES_ERROR;
				GCC_WARN_UNDECLARED_SELECTOR = YES;
				GCC_WARN_UNINITIALIZED_AUTOS = YES_AGGRESSIVE;
				GCC_WARN_UNUSED_FUNCTION = YES;
				GCC_WARN_UNUSED_VARIABLE = YES;
				IPHONEOS_DEPLOYMENT_TARGET = 8.0;
				MTL_ENABLE_DEBUG_INFO = YES;
				ONLY_ACTIVE_ARCH = YES;
				SDKROOT = iphoneos;
				SWIFT_OPTIMIZATION_LEVEL = "-Onone";
				TARGETED_DEVICE_FAMILY = "1,2";
			};
			name = Debug;
		};
		DDDFE9D4199BD55800D084D9 /* Release */ = {
			isa = XCBuildConfiguration;
			buildSettings = {
				ALWAYS_SEARCH_USER_PATHS = NO;
				CLANG_CXX_LANGUAGE_STANDARD = "gnu++0x";
				CLANG_CXX_LIBRARY = "libc++";
				CLANG_ENABLE_MODULES = YES;
				CLANG_ENABLE_OBJC_ARC = YES;
				CLANG_WARN_BOOL_CONVERSION = YES;
				CLANG_WARN_CONSTANT_CONVERSION = YES;
				CLANG_WARN_DIRECT_OBJC_ISA_USAGE = YES_ERROR;
				CLANG_WARN_EMPTY_BODY = YES;
				CLANG_WARN_ENUM_CONVERSION = YES;
				CLANG_WARN_INT_CONVERSION = YES;
				CLANG_WARN_OBJC_ROOT_CLASS = YES_ERROR;
				CLANG_WARN_UNREACHABLE_CODE = YES;
				CLANG_WARN__DUPLICATE_METHOD_MATCH = YES;
				"CODE_SIGN_IDENTITY[sdk=iphoneos*]" = "iPhone Developer";
				COPY_PHASE_STRIP = YES;
				ENABLE_NS_ASSERTIONS = NO;
				ENABLE_STRICT_OBJC_MSGSEND = YES;
				GCC_C_LANGUAGE_STANDARD = gnu99;
				GCC_WARN_64_TO_32_BIT_CONVERSION = YES;
				GCC_WARN_ABOUT_RETURN_TYPE = YES_ERROR;
				GCC_WARN_UNDECLARED_SELECTOR = YES;
				GCC_WARN_UNINITIALIZED_AUTOS = YES_AGGRESSIVE;
				GCC_WARN_UNUSED_FUNCTION = YES;
				GCC_WARN_UNUSED_VARIABLE = YES;
				IPHONEOS_DEPLOYMENT_TARGET = 8.0;
				MTL_ENABLE_DEBUG_INFO = NO;
				SDKROOT = iphoneos;
				TARGETED_DEVICE_FAMILY = "1,2";
				VALIDATE_PRODUCT = YES;
			};
			name = Release;
		};
		DDDFE9D6199BD55800D084D9 /* Debug */ = {
			isa = XCBuildConfiguration;
			buildSettings = {
				ASSETCATALOG_COMPILER_APPICON_NAME = AppIcon;
				ASSETCATALOG_COMPILER_LAUNCHIMAGE_NAME = LaunchImage;
				CLANG_ENABLE_MODULES = YES;
				INFOPLIST_FILE = "Swift Testing/Info.plist";
				LD_RUNPATH_SEARCH_PATHS = "$(inherited) @executable_path/Frameworks";
				PRODUCT_NAME = "$(TARGET_NAME)";
				SWIFT_OBJC_BRIDGING_HEADER = "Swift Testing-Bridging-Header.h";
				SWIFT_OPTIMIZATION_LEVEL = "-Onone";
			};
			name = Debug;
		};
		DDDFE9D7199BD55800D084D9 /* Release */ = {
			isa = XCBuildConfiguration;
			buildSettings = {
				ASSETCATALOG_COMPILER_APPICON_NAME = AppIcon;
				ASSETCATALOG_COMPILER_LAUNCHIMAGE_NAME = LaunchImage;
				CLANG_ENABLE_MODULES = YES;
				INFOPLIST_FILE = "Swift Testing/Info.plist";
				LD_RUNPATH_SEARCH_PATHS = "$(inherited) @executable_path/Frameworks";
				PRODUCT_NAME = "$(TARGET_NAME)";
				SWIFT_OBJC_BRIDGING_HEADER = "Swift Testing-Bridging-Header.h";
			};
			name = Release;
		};
/* End XCBuildConfiguration section */

/* Begin XCConfigurationList section */
		DDDFE9B4199BD55800D084D9 /* Build configuration list for PBXProject "Swift Testing" */ = {
			isa = XCConfigurationList;
			buildConfigurations = (
				DDDFE9D3199BD55800D084D9 /* Debug */,
				DDDFE9D4199BD55800D084D9 /* Release */,
			);
			defaultConfigurationIsVisible = 0;
			defaultConfigurationName = Release;
		};
		DDDFE9D5199BD55800D084D9 /* Build configuration list for PBXNativeTarget "Swift Testing" */ = {
			isa = XCConfigurationList;
			buildConfigurations = (
				DDDFE9D6199BD55800D084D9 /* Debug */,
				DDDFE9D7199BD55800D084D9 /* Release */,
			);
			defaultConfigurationIsVisible = 0;
		};
/* End XCConfigurationList section */
	};
	rootObject = DDDFE9B1199BD55800D084D9 /* Project object */;
}
